
Microsoft Visual Studio Solution File, Format Version 12.00
Project("{FAE04EC0-301F-11D3-BF4B-00C04F79EFBC}") = "Zenvus.API", "Zenvus.API\Zenvus.API.csproj", "{3ABC1C51-A0B6-425E-B2AA-0CCC4D5818CA}"
EndProject
Project("{2150E333-8FDC-42A3-9474-1A3956D46DE8}") = "src", "src", "{20571090-F854-4F21-9E2A-D726164A2D3F}"
EndProject
Project("{FAE04EC0-301F-11D3-BF4B-00C04F79EFBC}") = "Zenvus.Application", "src\Zenvus.Application\Zenvus.Application.csproj", "{2D830906-FC46-4BAC-ADC6-310FCE633FA7}"
EndProject
Project("{FAE04EC0-301F-11D3-BF4B-00C04F79EFBC}") = "Zenvus.Domain", "src\Zenvus.Domain\Zenvus.Domain.csproj", "{A55CA542-20BB-435E-A7BE-66880563A552}"
EndProject
Project("{FAE04EC0-301F-11D3-BF4B-00C04F79EFBC}") = "Zenvus.Core", "src\Zenvus.Core\Zenvus.Core.csproj", "{49BFC189-E04A-4FB0-AAA2-41C383D931F7}"
EndProject
Project("{FAE04EC0-301F-11D3-BF4B-00C04F79EFBC}") = "Zenvus.Infra", "src\Zenvus.Infra\Zenvus.Infra.csproj", "{3ED3FA97-5428-4D3B-B5DB-18DB7142B219}"
EndProject
Global
	GlobalSection(SolutionConfigurationPlatforms) = preSolution
		Debug|Any CPU = Debug|Any CPU
		Release|Any CPU = Release|Any CPU
	EndGlobalSection
	GlobalSection(ProjectConfigurationPlatforms) = postSolution
		{3ABC1C51-A0B6-425E-B2AA-0CCC4D5818CA}.Debug|Any CPU.ActiveCfg = Debug|Any CPU
		{3ABC1C51-A0B6-425E-B2AA-0CCC4D5818CA}.Debug|Any CPU.Build.0 = Debug|Any CPU
		{3ABC1C51-A0B6-425E-B2AA-0CCC4D5818CA}.Release|Any CPU.ActiveCfg = Release|Any CPU
		{3ABC1C51-A0B6-425E-B2AA-0CCC4D5818CA}.Release|Any CPU.Build.0 = Release|Any CPU
		{2D830906-FC46-4BAC-ADC6-310FCE633FA7}.Debug|Any CPU.ActiveCfg = Debug|Any CPU
		{2D830906-FC46-4BAC-ADC6-310FCE633FA7}.Debug|Any CPU.Build.0 = Debug|Any CPU
		{2D830906-FC46-4BAC-ADC6-310FCE633FA7}.Release|Any CPU.ActiveCfg = Release|Any CPU
		{2D830906-FC46-4BAC-ADC6-310FCE633FA7}.Release|Any CPU.Build.0 = Release|Any CPU
		{A55CA542-20BB-435E-A7BE-66880563A552}.Debug|Any CPU.ActiveCfg = Debug|Any CPU
		{A55CA542-20BB-435E-A7BE-66880563A552}.Debug|Any CPU.Build.0 = Debug|Any CPU
		{A55CA542-20BB-435E-A7BE-66880563A552}.Release|Any CPU.ActiveCfg = Release|Any CPU
		{A55CA542-20BB-435E-A7BE-66880563A552}.Release|Any CPU.Build.0 = Release|Any CPU
		{49BFC189-E04A-4FB0-AAA2-41C383D931F7}.Debug|Any CPU.ActiveCfg = Debug|Any CPU
		{49BFC189-E04A-4FB0-AAA2-41C383D931F7}.Debug|Any CPU.Build.0 = Debug|Any CPU
		{49BFC189-E04A-4FB0-AAA2-41C383D931F7}.Release|Any CPU.ActiveCfg = Release|Any CPU
		{49BFC189-E04A-4FB0-AAA2-41C383D931F7}.Release|Any CPU.Build.0 = Release|Any CPU
		{3ED3FA97-5428-4D3B-B5DB-18DB7142B219}.Debug|Any CPU.ActiveCfg = Debug|Any CPU
		{3ED3FA97-5428-4D3B-B5DB-18DB7142B219}.Debug|Any CPU.Build.0 = Debug|Any CPU
		{3ED3FA97-5428-4D3B-B5DB-18DB7142B219}.Release|Any CPU.ActiveCfg = Release|Any CPU
		{3ED3FA97-5428-4D3B-B5DB-18DB7142B219}.Release|Any CPU.Build.0 = Release|Any CPU
	EndGlobalSection
	GlobalSection(NestedProjects) = preSolution
		{3ABC1C51-A0B6-425E-B2AA-0CCC4D5818CA} = {20571090-F854-4F21-9E2A-D726164A2D3F}
		{2D830906-FC46-4BAC-ADC6-310FCE633FA7} = {20571090-F854-4F21-9E2A-D726164A2D3F}
		{A55CA542-20BB-435E-A7BE-66880563A552} = {20571090-F854-4F21-9E2A-D726164A2D3F}
		{49BFC189-E04A-4FB0-AAA2-41C383D931F7} = {20571090-F854-4F21-9E2A-D726164A2D3F}
		{3ED3FA97-5428-4D3B-B5DB-18DB7142B219} = {20571090-F854-4F21-9E2A-D726164A2D3F}
	EndGlobalSection
EndGlobal
